// !$*UTF8*$!
{
	archiveVersion = 1;
	classes = {
	};
	objectVersion = 77;
	objects = {

/* Begin PBXContainerItemProxy section */
		D0ECFD3630045A0B0039323C /* PBXContainerItemProxy */ = {
			isa = PBXContainerItemProxy;
			containerPortal = D0ECFD1D30045A090039323C /* Project object */;
			proxyType = 1;
			remoteGlobalIDString = D0ECFD2430045A090039323C;
			remoteInfo = RoadtripSafety;
		};
		D0ECFD4030045A0B0039323C /* PBXContainerItemProxy */ = {
			isa = PBXContainerItemProxy;
			containerPortal = D0ECFD1D30045A090039323C /* Project object */;
			proxyType = 1;
			remoteGlobalIDString = D0ECFD2430045A090039323C;
			remoteInfo = RoadtripSafety;
		};
/* End PBXContainerItemProxy section */

/* Begin PBXFileReference section */
		D0ECFD2530045A090039323C /* RoadtripSafety.app */ = {isa = PBXFileReference; explicitFileType = wrapper.application; includeInIndex = 0; path = RoadtripSafety.app; sourceTree = BUILT_PRODUCTS_DIR; };
		D0ECFD3530045A0B0039323C /* RoadtripSafetyTests.xctest */ = {isa = PBXFileReference; explicitFileType = wrapper.cfbundle; includeInIndex = 0; path = RoadtripSafetyTests.xctest; sourceTree = BUILT_PRODUCTS_DIR; };
		D0ECFD3F30045A0B0039323C /* RoadtripSafetyUITests.xctest */ = {isa = PBXFileReference; explicitFileType = wrapper.cfbundle; includeInIndex = 0; path = RoadtripSafetyUITests.xctest; sourceTree = BUILT_PRODUCTS_DIR; };
/* End PBXFileReference section */

/* Begin PBXFileSystemSynchronizedBuildFileExceptionSet section */
		D0ECFD7630045E4C0039323C /* Exceptions for "RoadtripSafety" folder in "RoadtripSafety" target */ = {
			isa = PBXFileSystemSynchronizedBuildFileExceptionSet;
			membershipExceptions = (
				Info.plist,
			);
			target = D0ECFD2430045A090039323C /* RoadtripSafety */;
		};
/* End PBXFileSystemSynchronizedBuildFileExceptionSet section */

/* Begin PBXFileSystemSynchronizedRootGroup section */
		D0ECFD2730045A090039323C /* RoadtripSafety */ = {
			isa = PBXFileSystemSynchronizedRootGroup;
			exceptions = (
				D0ECFD7630045E4C0039323C /* Exceptions for "RoadtripSafety" folder in "RoadtripSafety" target */,
			);
			path = RoadtripSafety;
			sourceTree = "<group>";
		};
		D0ECFD3830045A0B0039323C /* RoadtripSafetyTests */ = {
			isa = PBXFileSystemSynchronizedRootGroup;
			path = RoadtripSafetyTests;
			sourceTree = "<group>";
		};
		D0ECFD4230045A0B0039323C /* RoadtripSafetyUITests */ = {
			isa = PBXFileSystemSynchronizedRootGroup;
			path = RoadtripSafetyUITests;
			sourceTree = "<group>";
		};
/* End PBXFileSystemSynchronizedRootGroup section */

/* Begin PBXFrameworksBuildPhase section */
		D0ECFD2230045A090039323C /* Frameworks */ = {
			isa = PBXFrameworksBuildPhase;
			buildActionMask = 2147483647;
			files = (
			);
			runOnlyForDeploymentPostprocessing = 0;
		};
		D0ECFD3230045A0B0039323C /* Frameworks */ = {
			isa = PBXFrameworksBuildPhase;
			buildActionMask = 2147483647;
			files = (
			);
			runOnlyForDeploymentPostprocessing = 0;
		};
		D0ECFD3C30045A0B0039323C /* Frameworks */ = {
			isa = PBXFrameworksBuildPhase;
			buildActionMask = 2147483647;
			files = (
			);
			runOnlyForDeploymentPostprocessing = 0;
		};
/* End PBXFrameworksBuildPhase section */

/* Begin PBXGroup section */
		D0ECFD1C30045A090039323C = {
			isa = PBXGroup;
			children = (
				D0ECFD2730045A090039323C /* RoadtripSafety */,
				D0ECFD3830045A0B0039323C /* RoadtripSafetyTests */,
				D0ECFD4230045A0B0039323C /* RoadtripSafetyUITests */,
				D0ECFD2630045A090039323C /* Products */,
			);
			sourceTree = "<group>";
		};
		D0ECFD2630045A090039323C /* Products */ = {
			isa = PBXGroup;
			children = (
				D0ECFD2530045A090039323C /* RoadtripSafety.app */,
				D0ECFD3530045A0B0039323C /* RoadtripSafetyTests.xctest */,
				D0ECFD3F30045A0B0039323C /* RoadtripSafetyUITests.xctest */,
			);
			name = Products;
			sourceTree = "<group>";
		};
/* End PBXGroup section */

/* Begin PBXNativeTarget section */
		D0ECFD2430045A090039323C /* RoadtripSafety */ = {
			isa = PBXNativeTarget;
			buildConfigurationList = D0ECFD4930045A0B0039323C /* Build configuration list for PBXNativeTarget "RoadtripSafety" */;
			buildPhases = (
				D0ECFD2130045A090039323C /* Sources */,
				D0ECFD2230045A090039323C /* Frameworks */,
				D0ECFD2330045A090039323C /* Resources */,
			);
			buildRules = (
			);
			dependencies = (
			);
			fileSystemSynchronizedGroups = (
				D0ECFD2730045A090039323C /* RoadtripSafety */,
			);
			name = RoadtripSafety;
			packageProductDependencies = (
			);
			productName = RoadtripSafety;
			productReference = D0ECFD2530045A090039323C /* RoadtripSafety.app */;
			productType = "com.apple.product-type.application";
		};
		D0ECFD3430045A0B0039323C /* RoadtripSafetyTests */ = {
			isa = PBXNativeTarget;
			buildConfigurationList = D0ECFD4C30045A0B0039323C /* Build configuration list for PBXNativeTarget "RoadtripSafetyTests" */;
			buildPhases = (
				D0ECFD3130045A0B0039323C /* Sources */,
				D0ECFD3230045A0B0039323C /* Frameworks */,
				D0ECFD3330045A0B0039323C /* Resources */,
			);
			buildRules = (
			);
			dependencies = (
				D0ECFD3730045A0B0039323C /* PBXTargetDependency */,
			);
			fileSystemSynchronizedGroups = (
				D0ECFD3830045A0B0039323C /* RoadtripSafetyTests */,
			);
			name = RoadtripSafetyTests;
			packageProductDependencies = (
			);
			productName = RoadtripSafetyTests;
			productReference = D0ECFD3530045A0B0039323C /* RoadtripSafetyTests.xctest */;
			productType = "com.apple.product-type.bundle.unit-test";
		};
		D0ECFD3E30045A0B0039323C /* RoadtripSafetyUITests */ = {
			isa = PBXNativeTarget;
			buildConfigurationList = D0ECFD4F30045A0B0039323C /* Build configuration list for PBXNativeTarget "RoadtripSafetyUITests" */;
			buildPhases = (
				D0ECFD3B30045A0B0039323C /* Sources */,
				D0ECFD3C30045A0B0039323C /* Frameworks */,
				D0ECFD3D30045A0B0039323C /* Resources */,
			);
			buildRules = (
			);
			dependencies = (
				D0ECFD4130045A0B0039323C /* PBXTargetDependency */,
			);
			fileSystemSynchronizedGroups = (
				D0ECFD4230045A0B0039323C /* RoadtripSafetyUITests */,
			);
			name = RoadtripSafetyUITests;
			packageProductDependencies = (
			);
			productName = RoadtripSafetyUITests;
			productReference = D0ECFD3F30045A0B0039323C /* RoadtripSafetyUITests.xctest */;
			productType = "com.apple.product-type.bundle.ui-testing";
		};
/* End PBXNativeTarget section */

/* Begin PBXProject section */
		D0ECFD1D30045A090039323C /* Project object */ = {
			isa = PBXProject;
			attributes = {
				BuildIndependentTargetsInParallel = 1;
				LastSwiftUpdateCheck = 1620;
				LastUpgradeCheck = 1620;
				TargetAttributes = {
					D0ECFD2430045A090039323C = {
						CreatedOnToolsVersion = 16.2;
						LastSwiftMigration = 1620;
					};
					D0ECFD3430045A0B0039323C = {
						CreatedOnToolsVersion = 16.2;
						TestTargetID = D0ECFD2430045A090039323C;
					};
					D0ECFD3E30045A0B0039323C = {
						CreatedOnToolsVersion = 16.2;
						TestTargetID = D0ECFD2430045A090039323C;
					};
				};
			};
			buildConfigurationList = D0ECFD2030045A090039323C /* Build configuration list for PBXProject "RoadtripSafety" */;
			developmentRegion = en;
			hasScannedForEncodings = 0;
			knownRegions = (
				en,
				Base,
			);
			mainGroup = D0ECFD1C30045A090039323C;
			minimizedProjectReferenceProxies = 1;
			preferredProjectObjectVersion = 77;
			productRefGroup = D0ECFD2630045A090039323C /* Products */;
			projectDirPath = "";
			projectRoot = "";
			targets = (
				D0ECFD2430045A090039323C /* RoadtripSafety */,
				D0ECFD3430045A0B0039323C /* RoadtripSafetyTests */,
				D0ECFD3E30045A0B0039323C /* RoadtripSafetyUITests */,
			);
		};
/* End PBXProject section */

/* Begin PBXResourcesBuildPhase section */
		D0ECFD2330045A090039323C /* Resources */ = {
			isa = PBXResourcesBuildPhase;
			buildActionMask = 2147483647;
			files = (
			);
			runOnlyForDeploymentPostprocessing = 0;
		};
		D0ECFD3330045A0B0039323C /* Resources */ = {
			isa = PBXResourcesBuildPhase;
			buildActionMask = 2147483647;
			files = (
			);
			runOnlyForDeploymentPostprocessing = 0;
		};
		D0ECFD3D30045A0B0039323C /* Resources */ = {
			isa = PBXResourcesBuildPhase;
			buildActionMask = 2147483647;
			files = (
			);
			runOnlyForDeploymentPostprocessing = 0;
		};
/* End PBXResourcesBuildPhase section */

/* Begin PBXSourcesBuildPhase section */
		D0ECFD2130045A090039323C /* Sources */ = {
			isa = PBXSourcesBuildPhase;
			buildActionMask = 2147483647;
			files = (
			);
			runOnlyForDeploymentPostprocessing = 0;
		};
		D0ECFD3130045A0B0039323C /* Sources */ = {
			isa = PBXSourcesBuildPhase;
			buildActionMask = 2147483647;
			files = (
			);
			runOnlyForDeploymentPostprocessing = 0;
		};
		D0ECFD3B30045A0B0039323C /* Sources */ = {
			isa = PBXSourcesBuildPhase;
			buildActionMask = 2147483647;
			files = (
			);
			runOnlyForDeploymentPostprocessing = 0;
		};
/* End PBXSourcesBuildPhase section */

/* Begin PBXTargetDependency section */
		D0ECFD3730045A0B0039323C /* PBXTargetDependency */ = {
			isa = PBXTargetDependency;
			target = D0ECFD2430045A090039323C /* RoadtripSafety */;
			targetProxy = D0ECFD3630045A0B0039323C /* PBXContainerItemProxy */;
		};
		D0ECFD4130045A0B0039323C /* PBXTargetDependency */ = {
			isa = PBXTargetDependency;
			target = D0ECFD2430045A090039323C /* RoadtripSafety */;
			targetProxy = D0ECFD4030045A0B0039323C /* PBXContainerItemProxy */;
		};
/* End PBXTargetDependency section */

/* Begin XCBuildConfiguration section */
		D0ECFD4730045A0B0039323C /* Debug */ = {
			isa = XCBuildConfiguration;
			buildSettings = {
				ALWAYS_SEARCH_USER_PATHS = NO;
				ASSETCATALOG_COMPILER_GENERATE_SWIFT_ASSET_SYMBOL_EXTENSIONS = YES;
				CLANG_ANALYZER_NONNULL = YES;
				CLANG_ANALYZER_NUMBER_OBJECT_CONVERSION = YES_AGGRESSIVE;
				CLANG_CXX_LANGUAGE_STANDARD = "gnu++20";
				CLANG_ENABLE_MODULES = YES;
				CLANG_ENABLE_OBJC_ARC = YES;
				CLANG_ENABLE_OBJC_WEAK = YES;
				CLANG_WARN_BLOCK_CAPTURE_AUTORELEASING = YES;
				CLANG_WARN_BOOL_CONVERSION = YES;
				CLANG_WARN_COMMA = YES;
				CLANG_WARN_CONSTANT_CONVERSION = YES;
				CLANG_WARN_DEPRECATED_OBJC_IMPLEMENTATIONS = YES;
				CLANG_WARN_DIRECT_OBJC_ISA_USAGE = YES_ERROR;
				CLANG_WARN_DOCUMENTATION_COMMENTS = YES;
				CLANG_WARN_EMPTY_BODY = YES;
				CLANG_WARN_ENUM_CONVERSION = YES;
				CLANG_WARN_INFINITE_RECURSION = YES;
				CLANG_WARN_INT_CONVERSION = YES;
				CLANG_WARN_NON_LITERAL_NULL_CONVERSION = YES;
				CLANG_WARN_OBJC_IMPLICIT_RETAIN_SELF = YES;
				CLANG_WARN_OBJC_LITERAL_CONVERSION = YES;
				CLANG_WARN_OBJC_ROOT_CLASS = YES_ERROR;
				CLANG_WARN_QUOTED_INCLUDE_IN_FRAMEWORK_HEADER = YES;
				CLANG_WARN_RANGE_LOOP_ANALYSIS = YES;
				CLANG_WARN_STRICT_PROTOTYPES = YES;
				CLANG_WARN_SUSPICIOUS_MOVE = YES;
				CLANG_WARN_UNGUARDED_AVAILABILITY = YES_AGGRESSIVE;
				CLANG_WARN_UNREACHABLE_CODE = YES;
				CLANG_WARN__DUPLICATE_METHOD_MATCH = YES;
				COPY_PHASE_STRIP = NO;
				DEBUG_INFORMATION_FORMAT = dwarf;
				ENABLE_STRICT_OBJC_MSGSEND = YES;
				ENABLE_TESTABILITY = YES;
				ENABLE_USER_SCRIPT_SANDBOXING = YES;
				GCC_C_LANGUAGE_STANDARD = gnu17;
				GCC_DYNAMIC_NO_PIC = NO;
				GCC_NO_COMMON_BLOCKS = YES;
				GCC_OPTIMIZATION_LEVEL = 0;
				GCC_PREPROCESSOR_DEFINITIONS = (
					"DEBUG=1",
					"$(inherited)",
				);
				GCC_WARN_64_TO_32_BIT_CONVERSION = YES;
				GCC_WARN_ABOUT_RETURN_TYPE = YES_ERROR;
				GCC_WARN_UNDECLARED_SELECTOR = YES;
				GCC_WARN_UNINITIALIZED_AUTOS = YES_AGGRESSIVE;
				GCC_WARN_UNUSED_FUNCTION = YES;
				GCC_WARN_UNUSED_VARIABLE = YES;
				IPHONEOS_DEPLOYMENT_TARGET = 18.2;
				LOCALIZATION_PREFERS_STRING_CATALOGS = YES;
				MTL_ENABLE_DEBUG_INFO = INCLUDE_SOURCE;
				MTL_FAST_MATH = YES;
				ONLY_ACTIVE_ARCH = YES;
				SDKROOT = iphoneos;
				SWIFT_ACTIVE_COMPILATION_CONDITIONS = "DEBUG $(inherited)";
				SWIFT_OPTIMIZATION_LEVEL = "-Onone";
			};
			name = Debug;
		};
		D0ECFD4830045A0B0039323C /* Release */ = {
			isa = XCBuildConfiguration;
			buildSettings = {
				ALWAYS_SEARCH_USER_PATHS = NO;
				ASSETCATALOG_COMPILER_GENERATE_SWIFT_ASSET_SYMBOL_EXTENSIONS = YES;
				CLANG_ANALYZER_NONNULL = YES;
				CLANG_ANALYZER_NUMBER_OBJECT_CONVERSION = YES_AGGRESSIVE;
				CLANG_CXX_LANGUAGE_STANDARD = "gnu++20";
				CLANG_ENABLE_MODULES = YES;
				CLANG_ENABLE_OBJC_ARC = YES;
				CLANG_ENABLE_OBJC_WEAK = YES;
				CLANG_WARN_BLOCK_CAPTURE_AUTORELEASING = YES;
				CLANG_WARN_BOOL_CONVERSION = YES;
				CLANG_WARN_COMMA = YES;
				CLANG_WARN_CONSTANT_CONVERSION = YES;
				CLANG_WARN_DEPRECATED_OBJC_IMPLEMENTATIONS = YES;
				CLANG_WARN_DIRECT_OBJC_ISA_USAGE = YES_ERROR;
				CLANG_WARN_DOCUMENTATION_COMMENTS = YES;
				CLANG_WARN_EMPTY_BODY = YES;
				CLANG_WARN_ENUM_CONVERSION = YES;
				CLANG_WARN_INFINITE_RECURSION = YES;
				CLANG_WARN_INT_CONVERSION = YES;
				CLANG_WARN_NON_LITERAL_NULL_CONVERSION = YES;
				CLANG_WARN_OBJC_IMPLICIT_RETAIN_SELF = YES;
				CLANG_WARN_OBJC_LITERAL_CONVERSION = YES;
				CLANG_WARN_OBJC_ROOT_CLASS = YES_ERROR;
				CLANG_WARN_QUOTED_INCLUDE_IN_FRAMEWORK_HEADER = YES;
				CLANG_WARN_RANGE_LOOP_ANALYSIS = YES;
				CLANG_WARN_STRICT_PROTOTYPES = YES;
				CLANG_WARN_SUSPICIOUS_MOVE = YES;
				CLANG_WARN_UNGUARDED_AVAILABILITY = YES_AGGRESSIVE;
				CLANG_WARN_UNREACHABLE_CODE = YES;
				CLANG_WARN__DUPLICATE_METHOD_MATCH = YES;
				COPY_PHASE_STRIP = NO;
				DEBUG_INFORMATION_FORMAT = "dwarf-with-dsym";
				ENABLE_NS_ASSERTIONS = NO;
				ENABLE_STRICT_OBJC_MSGSEND = YES;
				ENABLE_USER_SCRIPT_SANDBOXING = YES;
				GCC_C_LANGUAGE_STANDARD = gnu17;
				GCC_NO_COMMON_BLOCKS = YES;
				GCC_WARN_64_TO_32_BIT_CONVERSION = YES;
				GCC_WARN_ABOUT_RETURN_TYPE = YES_ERROR;
				GCC_WARN_UNDECLARED_SELECTOR = YES;
				GCC_WARN_UNINITIALIZED_AUTOS = YES_AGGRESSIVE;
				GCC_WARN_UNUSED_FUNCTION = YES;
				GCC_WARN_UNUSED_VARIABLE = YES;
				IPHONEOS_DEPLOYMENT_TARGET = 18.2;
				LOCALIZATION_PREFERS_STRING_CATALOGS = YES;
				MTL_ENABLE_DEBUG_INFO = NO;
				MTL_FAST_MATH = YES;
				SDKROOT = iphoneos;
				SWIFT_COMPILATION_MODE = wholemodule;
				VALIDATE_PRODUCT = YES;
			};
			name = Release;
		};
		D0ECFD4A30045A0B0039323C /* Debug */ = {
			isa = XCBuildConfiguration;
			buildSettings = {
				ASSETCATALOG_COMPILER_APPICON_NAME = AppIcon;
				ASSETCATALOG_COMPILER_GLOBAL_ACCENT_COLOR_NAME = AccentColor;
				CLANG_ENABLE_MODULES = YES;
				CODE_SIGN_STYLE = Automatic;
				CURRENT_PROJECT_VERSION = 1;
				DEVELOPMENT_ASSET_PATHS = "\"RoadtripSafety/Preview Content\"";
				ENABLE_PREVIEWS = YES;
				GENERATE_INFOPLIST_FILE = YES;
				INFOPLIST_KEY_UIApplicationSceneManifest_Generation = YES;
				INFOPLIST_KEY_UIApplicationSupportsIndirectInputEvents = YES;
				INFOPLIST_KEY_UILaunchScreen_Generation = YES;
				INFOPLIST_KEY_UISupportedInterfaceOrientations_iPad = "UIInterfaceOrientationPortrait UIInterfaceOrientationPortraitUpsideDown UIInterfaceOrientationLandscapeLeft UIInterfaceOrientationLandscapeRight";
				INFOPLIST_KEY_UISupportedInterfaceOrientations_iPhone = "UIInterfaceOrientationPortrait UIInterfaceOrientationLandscapeLeft UIInterfaceOrientationLandscapeRight";
				LD_RUNPATH_SEARCH_PATHS = (
					"$(inherited)",
					"@executable_path/Frameworks",
				);
				MARKETING_VERSION = 1.0;
				PRODUCT_BUNDLE_IDENTIFIER = com.divya.RoadtripSafety;
				PRODUCT_NAME = "$(TARGET_NAME)";
				SWIFT_EMIT_LOC_STRINGS = YES;
				SWIFT_OPTIMIZATION_LEVEL = "-Onone";
				SWIFT_VERSION = 5.0;
				TARGETED_DEVICE_FAMILY = "1,2";
			};
			name = Debug;
		};
		D0ECFD4B30045A0B0039323C /* Release */ = {
			isa = XCBuildConfiguration;
			buildSettings = {
				ASSETCATALOG_COMPILER_APPICON_NAME = AppIcon;
				ASSETCATALOG_COMPILER_GLOBAL_ACCENT_COLOR_NAME = AccentColor;
				CLANG_ENABLE_MODULES = YES;
				CODE_SIGN_STYLE = Automatic;
				CURRENT_PROJECT_VERSION = 1;
				DEVELOPMENT_ASSET_PATHS = "\"RoadtripSafety/Preview Content\"";
				ENABLE_PREVIEWS = YES;
				GENERATE_INFOPLIST_FILE = YES;
				INFOPLIST_KEY_UIApplicationSceneManifest_Generation = YES;
				INFOPLIST_KEY_UIApplicationSupportsIndirectInputEvents = YES;
				INFOPLIST_KEY_UILaunchScreen_Generation = YES;
				INFOPLIST_KEY_UISupportedInterfaceOrientations_iPad = "UIInterfaceOrientationPortrait UIInterfaceOrientationPortraitUpsideDown UIInterfaceOrientationLandscapeLeft UIInterfaceOrientationLandscapeRight";
				INFOPLIST_KEY_UISupportedInterfaceOrientations_iPhone = "UIInterfaceOrientationPortrait UIInterfaceOrientationLandscapeLeft UIInterfaceOrientationLandscapeRight";
				LD_RUNPATH_SEARCH_PATHS = (
					"$(inherited)",
					"@executable_path/Frameworks",
				);
				MARKETING_VERSION = 1.0;
				PRODUCT_BUNDLE_IDENTIFIER = com.divya.RoadtripSafety;
				PRODUCT_NAME = "$(TARGET_NAME)";
				SWIFT_EMIT_LOC_STRINGS = YES;
				SWIFT_VERSION = 5.0;
				TARGETED_DEVICE_FAMILY = "1,2";
			};
			name = Release;
		};
		D0ECFD4D30045A0B0039323C /* Debug */ = {
			isa = XCBuildConfiguration;
			buildSettings = {
				BUNDLE_LOADER = "$(TEST_HOST)";
				CODE_SIGN_STYLE = Automatic;
				CURRENT_PROJECT_VERSION = 1;
				GENERATE_INFOPLIST_FILE = YES;
				IPHONEOS_DEPLOYMENT_TARGET = 18.2;
				MARKETING_VERSION = 1.0;
				PRODUCT_BUNDLE_IDENTIFIER = com.divya.RoadtripSafetyTests;
				PRODUCT_NAME = "$(TARGET_NAME)";
				SWIFT_EMIT_LOC_STRINGS = NO;
				SWIFT_VERSION = 5.0;
				TARGETED_DEVICE_FAMILY = "1,2";
				TEST_HOST = "$(BUILT_PRODUCTS_DIR)/RoadtripSafety.app/$(BUNDLE_EXECUTABLE_FOLDER_PATH)/RoadtripSafety";
			};
			name = Debug;
		};
		D0ECFD4E30045A0B0039323C /* Release */ = {
			isa = XCBuildConfiguration;
			buildSettings = {
				BUNDLE_LOADER = "$(TEST_HOST)";
				CODE_SIGN_STYLE = Automatic;
				CURRENT_PROJECT_VERSION = 1;
				GENERATE_INFOPLIST_FILE = YES;
				IPHONEOS_DEPLOYMENT_TARGET = 18.2;
				MARKETING_VERSION = 1.0;
				PRODUCT_BUNDLE_IDENTIFIER = com.divya.RoadtripSafetyTests;
				PRODUCT_NAME = "$(TARGET_NAME)";
				SWIFT_EMIT_LOC_STRINGS = NO;
				SWIFT_VERSION = 5.0;
				TARGETED_DEVICE_FAMILY = "1,2";
				TEST_HOST = "$(BUILT_PRODUCTS_DIR)/RoadtripSafety.app/$(BUNDLE_EXECUTABLE_FOLDER_PATH)/RoadtripSafety";
			};
			name = Release;
		};
		D0ECFD5030045A0B0039323C /* Debug */ = {
			isa = XCBuildConfiguration;
			buildSettings = {
				CODE_SIGN_STYLE = Automatic;
				CURRENT_PROJECT_VERSION = 1;
				GENERATE_INFOPLIST_FILE = YES;
				MARKETING_VERSION = 1.0;
				PRODUCT_BUNDLE_IDENTIFIER = com.divya.RoadtripSafetyUITests;
				PRODUCT_NAME = "$(TARGET_NAME)";
				SWIFT_EMIT_LOC_STRINGS = NO;
				SWIFT_VERSION = 5.0;
				TARGETED_DEVICE_FAMILY = "1,2";
				TEST_TARGET_NAME = RoadtripSafety;
			};
			name = Debug;
		};
		D0ECFD5130045A0B0039323C /* Release */ = {
			isa = XCBuildConfiguration;
			buildSettings = {
				CODE_SIGN_STYLE = Automatic;
				CURRENT_PROJECT_VERSION = 1;
				GENERATE_INFOPLIST_FILE = YES;
				MARKETING_VERSION = 1.0;
				PRODUCT_BUNDLE_IDENTIFIER = com.divya.RoadtripSafetyUITests;
				PRODUCT_NAME = "$(TARGET_NAME)";
				SWIFT_EMIT_LOC_STRINGS = NO;
				SWIFT_VERSION = 5.0;
				TARGETED_DEVICE_FAMILY = "1,2";
				TEST_TARGET_NAME = RoadtripSafety;
			};
			name = Release;
		};
/* End XCBuildConfiguration section */

/* Begin XCConfigurationList section */
		D0ECFD2030045A090039323C /* Build configuration list for PBXProject "RoadtripSafety" */ = {
			isa = XCConfigurationList;
			buildConfigurations = (
				D0ECFD4730045A0B0039323C /* Debug */,
				D0ECFD4830045A0B0039323C /* Release */,
			);
			defaultConfigurationIsVisible = 0;
			defaultConfigurationName = Release;
		};
		D0ECFD4930045A0B0039323C /* Build configuration list for PBXNativeTarget "RoadtripSafety" */ = {
			isa = XCConfigurationList;
			buildConfigurations = (
				D0ECFD4A30045A0B0039323C /* Debug */,
				D0ECFD4B30045A0B0039323C /* Release */,
			);
			defaultConfigurationIsVisible = 0;
			defaultConfigurationName = Release;
		};
		D0ECFD4C30045A0B0039323C /* Build configuration list for PBXNativeTarget "RoadtripSafetyTests" */ = {
			isa = XCConfigurationList;
			buildConfigurations = (
				D0ECFD4D30045A0B0039323C /* Debug */,
				D0ECFD4E30045A0B0039323C /* Release */,
			);
			defaultConfigurationIsVisible = 0;
			defaultConfigurationName = Release;
		};
		D0ECFD4F30045A0B0039323C /* Build configuration list for PBXNativeTarget "RoadtripSafetyUITests" */ = {
			isa = XCConfigurationList;
			buildConfigurations = (
				D0ECFD5030045A0B0039323C /* Debug */,
				D0ECFD5130045A0B0039323C /* Release */,
			);
			defaultConfigurationIsVisible = 0;
			defaultConfigurationName = Release;
		};
/* End XCConfigurationList section */
	};
	rootObject = D0ECFD1D30045A090039323C /* Project object */;
}
